
Microsoft Visual Studio Solution File, Format Version 12.00
# Visual Studio Version 17
VisualStudioVersion = 17.10.35027.167
MinimumVisualStudioVersion = 10.0.40219.1
Project("{FAE04EC0-301F-11D3-BF4B-00C04F79EFBC}") = "Scientific Calculator", "Scientific Calculator.csproj", "{1BB6A2B2-83E4-4FC5-A6A7-31489253A24F}"
EndProject
Global
	GlobalSection(SolutionConfigurationPlatforms) = preSolution
		Debug|Any CPU = Debug|Any CPU
		Release|Any CPU = Release|Any CPU
	EndGlobalSection
	GlobalSection(ProjectConfigurationPlatforms) = postSolution
		{1BB6A2B2-83E4-4FC5-A6A7-31489253A24F}.Debug|Any CPU.ActiveCfg = Debug|Any CPU
		{1BB6A2B2-83E4-4FC5-A6A7-31489253A24F}.Debug|Any CPU.Build.0 = Debug|Any CPU
		{1BB6A2B2-83E4-4FC5-A6A7-31489253A24F}.Release|Any CPU.ActiveCfg = Release|Any CPU
		{1BB6A2B2-83E4-4FC5-A6A7-31489253A24F}.Release|Any CPU.Build.0 = Release|Any CPU
	EndGlobalSection
	GlobalSection(SolutionProperties) = preSolution
		HideSolutionNode = FALSE
	EndGlobalSection
	GlobalSection(ExtensibilityGlobals) = postSolution
		SolutionGuid = {59375509-BD3C-41F5-B776-4331BFA40780}
	EndGlobalSection
EndGlobal
